version = 1
requires-python = ">=3.13"

[[package]]
name = "pex"
version = "2.33.7"
source = { registry = "https://pypi.org/simple" }
sdist = { url = "https://files.pythonhosted.org/packages/83/f1/47b1dc8f43ed8e467ca17b81e9ef2d943093b3b7630f3c1c4165a40e1bba/pex-2.33.7.tar.gz", hash = "sha256:2c663d7bcd00cb0801a2df259d84b3846926141fd1244a5cde4ec71fbdfa73c3", size = 4697432 }
wheels = [
    { url = "https://files.pythonhosted.org/packages/af/da/1d91d20d3e56a0f65d56106e2b56ae3e5a863e43a3f32ffbda1c3c7fa698/pex-2.33.7-py2.py3-none-any.whl", hash = "sha256:e97d688dd3b80c1264817001cb593c0c708cc60772508a73ffcecb362d240996", size = 3754049 },
]

[[package]]
name = "splitbrain"
version = "0.1.0"
source = { editable = "." }
dependencies = [
    { name = "pex" },
]

[package.metadata]
requires-dist = [{ name = "pex", specifier = ">=2.33.7" }]
